
Microsoft Visual Studio Solution File, Format Version 12.00
# Visual Studio Version 17
VisualStudioVersion = 17.5.33318.248
MinimumVisualStudioVersion = 10.0.40219.1
Project("{9A19103F-16F7-4668-BE54-9A1E7A4F7556}") = "FloxelUI", "FloxelUI.csproj", "{84DE9C1D-E469-44DC-A8E2-2B865BEA9487}"
EndProject
Project("{9A19103F-16F7-4668-BE54-9A1E7A4F7556}") = "Playground", "Test\Playground.csproj", "{165243A6-06E7-4F93-82EB-B05DFFD2D470}"
EndProject
Global
	GlobalSection(SolutionConfigurationPlatforms) = preSolution
		Debug|Any CPU = Debug|Any CPU
		Release|Any CPU = Release|Any CPU
	EndGlobalSection
	GlobalSection(ProjectConfigurationPlatforms) = postSolution
		{84DE9C1D-E469-44DC-A8E2-2B865BEA9487}.Debug|Any CPU.ActiveCfg = Debug|Any CPU
		{84DE9C1D-E469-44DC-A8E2-2B865BEA9487}.Debug|Any CPU.Build.0 = Debug|Any CPU
		{84DE9C1D-E469-44DC-A8E2-2B865BEA9487}.Release|Any CPU.ActiveCfg = Release|Any CPU
		{84DE9C1D-E469-44DC-A8E2-2B865BEA9487}.Release|Any CPU.Build.0 = Release|Any CPU
		{165243A6-06E7-4F93-82EB-B05DFFD2D470}.Debug|Any CPU.ActiveCfg = Debug|Any CPU
		{165243A6-06E7-4F93-82EB-B05DFFD2D470}.Debug|Any CPU.Build.0 = Debug|Any CPU
		{165243A6-06E7-4F93-82EB-B05DFFD2D470}.Release|Any CPU.ActiveCfg = Release|Any CPU
		{165243A6-06E7-4F93-82EB-B05DFFD2D470}.Release|Any CPU.Build.0 = Release|Any CPU
	EndGlobalSection
	GlobalSection(SolutionProperties) = preSolution
		HideSolutionNode = FALSE
	EndGlobalSection
	GlobalSection(ExtensibilityGlobals) = postSolution
		SolutionGuid = {83B4B4D7-E4CD-4542-891B-E5380B2DBEF0}
	EndGlobalSection
EndGlobal
